# This file is automatically @generated by Poetry 1.7.1 and should not be changed by hand.

[[package]]
name = "collision"
version = "1.2.2"
description = "Collision is a python library meant for collision detection between convex and concave polygons, circles, and points."
optional = false
python-versions = ">=2.7"
files = [
    {file = "collision-1.2.2.tar.gz", hash = "sha256:366b2619e0eb341116f0c461bd933543c6d0b3274c42ac3ebd604972b7335683"},
]

[[package]]
name = "esper"
version = "3.3"
description = "esper is a lightweight Entity System (ECS) for Python, with a focus on performance"
optional = false
python-versions = ">=3.8"
files = [
    {file = "esper-3.3-py3-none-any.whl", hash = "sha256:74e07f1339961329d35d8e794891a4f8f2a0a28e3deb8603574baaefefb8b90d"},
    {file = "esper-3.3.tar.gz", hash = "sha256:f9b4aa08b65f2bbbf6f59db9df1fc4175b9c6a439ff9aba528f120506b666270"},
]

[[package]]
name = "pyglet"
version = "2.0.15"
description = "pyglet is a cross-platform games and multimedia package."
optional = false
python-versions = ">=3.8"
files = [
    {file = "pyglet-2.0.15-py3-none-any.whl", hash = "sha256:9e4cc16efc308106fd3a9ff8f04e7a6f4f6a807c6ac8a331375efbbac8be85af"},
    {file = "pyglet-2.0.15.tar.gz", hash = "sha256:42085567cece0c7f1c14e36eef799938cbf528cfbb0150c484b984f3ff1aa771"},
]

[[package]]
name = "python-dotenv"
version = "0.19.2"
description = "Read key-value pairs from a .env file and set them as environment variables"
optional = false
python-versions = ">=3.5"
files = [
    {file = "python-dotenv-0.19.2.tar.gz", hash = "sha256:a5de49a31e953b45ff2d2fd434bbc2670e8db5273606c1e737cc6b93eff3655f"},
    {file = "python_dotenv-0.19.2-py2.py3-none-any.whl", hash = "sha256:32b2bdc1873fd3a3c346da1c6db83d0053c3c62f28f1f38516070c4c8971b1d3"},
]

[package.extras]
cli = ["click (>=5.0)"]

[[package]]
name = "simpy"
version = "4.1.1"
description = "Event discrete, process based simulation for Python."
optional = false
python-versions = ">=3.8"
files = [
    {file = "simpy-4.1.1-py3-none-any.whl", hash = "sha256:7c5ae380240fd2238671160e4830956f8055830a8317edf5c05e495b3823cd88"},
    {file = "simpy-4.1.1.tar.gz", hash = "sha256:06d0750a7884b11e0e8e20ce0bc7c6d4ed5f1743d456695340d13fdff95001a6"},
]

[metadata]
lock-version = "2.0"
python-versions = "^3.12"
content-hash = "70dd5e4678a5d7ac2b776410606165ed6c1d95eaeb2f36800338b7f6de6df276"
